# This file is automatically @generated by Poetry 1.5.1 and should not be changed by hand.

[[package]]
name = "flake8"
version = "7.1.1"
description = "the modular source code checker: pep8 pyflakes and co"
optional = false
python-versions = ">=3.8.1"
files = [
    {file = "flake8-7.1.1-py2.py3-none-any.whl", hash = "sha256:597477df7860daa5aa0fdd84bf5208a043ab96b8e96ab708770ae0364dd03213"},
    {file = "flake8-7.1.1.tar.gz", hash = "sha256:049d058491e228e03e67b390f311bbf88fce2dbaa8fa673e7aea87b7198b8d38"},
]

[package.dependencies]
mccabe = ">=0.7.0,<0.8.0"
pycodestyle = ">=2.12.0,<2.13.0"
pyflakes = ">=3.2.0,<3.3.0"

[[package]]
name = "importlib-metadata"
version = "8.4.0"
description = "Read metadata from Python packages"
optional = false
python-versions = ">=3.8"
files = [
    {file = "importlib_metadata-8.4.0-py3-none-any.whl", hash = "sha256:66f342cc6ac9818fc6ff340576acd24d65ba0b3efabb2b4ac08b598965a4a2f1"},
    {file = "importlib_metadata-8.4.0.tar.gz", hash = "sha256:9a547d3bc3608b025f93d403fdd1aae741c24fbb8314df4b155675742ce303c5"},
]

[package.dependencies]
zipp = ">=0.5"

[package.extras]
doc = ["furo", "jaraco.packaging (>=9.3)", "jaraco.tidelift (>=1.4)", "rst.linker (>=1.9)", "sphinx (>=3.5)", "sphinx-lint"]
perf = ["ipython"]
test = ["flufl.flake8", "importlib-resources (>=1.3)", "jaraco.test (>=5.4)", "packaging", "pyfakefs", "pytest (>=6,!=8.1.*)", "pytest-checkdocs (>=2.4)", "pytest-cov", "pytest-enabler (>=2.2)", "pytest-mypy", "pytest-perf (>=0.9.2)", "pytest-ruff (>=0.2.1)"]

[[package]]
name = "isort"
version = "5.13.2"
description = "A Python utility / library to sort Python imports."
optional = false
python-versions = ">=3.8.0"
files = [
    {file = "isort-5.13.2-py3-none-any.whl", hash = "sha256:8ca5e72a8d85860d5a3fa69b8745237f2939afe12dbf656afbcb47fe72d947a6"},
    {file = "isort-5.13.2.tar.gz", hash = "sha256:48fdfcb9face5d58a4f6dde2e72a1fb8dcaf8ab26f95ab49fab84c2ddefb0109"},
]

[package.extras]
colors = ["colorama (>=0.4.6)"]

[[package]]
name = "mccabe"
version = "0.7.0"
description = "McCabe checker, plugin for flake8"
optional = false
python-versions = ">=3.6"
files = [
    {file = "mccabe-0.7.0-py2.py3-none-any.whl", hash = "sha256:6c2d30ab6be0e4a46919781807b4f0d834ebdd6c6e3dca0bda5a15f863427b6e"},
    {file = "mccabe-0.7.0.tar.gz", hash = "sha256:348e0240c33b60bbdf4e523192ef919f28cb2c3d7d5c7794f74009290f236325"},
]

[[package]]
name = "platformdirs"
version = "4.2.2"
description = "A small Python package for determining appropriate platform-specific dirs, e.g. a `user data dir`."
optional = false
python-versions = ">=3.8"
files = [
    {file = "platformdirs-4.2.2-py3-none-any.whl", hash = "sha256:2d7a1657e36a80ea911db832a8a6ece5ee53d8de21edd5cc5879af6530b1bfee"},
    {file = "platformdirs-4.2.2.tar.gz", hash = "sha256:38b7b51f512eed9e84a22788b4bce1de17c0adb134d6becb09836e37d8654cd3"},
]

[package.extras]
docs = ["furo (>=2023.9.10)", "proselint (>=0.13)", "sphinx (>=7.2.6)", "sphinx-autodoc-typehints (>=1.25.2)"]
test = ["appdirs (==1.4.4)", "covdefaults (>=2.3)", "pytest (>=7.4.3)", "pytest-cov (>=4.1)", "pytest-mock (>=3.12)"]
type = ["mypy (>=1.8)"]

[[package]]
name = "pycodestyle"
version = "2.12.1"
description = "Python style guide checker"
optional = false
python-versions = ">=3.8"
files = [
    {file = "pycodestyle-2.12.1-py2.py3-none-any.whl", hash = "sha256:46f0fb92069a7c28ab7bb558f05bfc0110dac69a0cd23c61ea0040283a9d78b3"},
    {file = "pycodestyle-2.12.1.tar.gz", hash = "sha256:6838eae08bbce4f6accd5d5572075c63626a15ee3e6f842df996bf62f6d73521"},
]

[[package]]
name = "pyflakes"
version = "3.2.0"
description = "passive checker of Python programs"
optional = false
python-versions = ">=3.8"
files = [
    {file = "pyflakes-3.2.0-py2.py3-none-any.whl", hash = "sha256:84b5be138a2dfbb40689ca07e2152deb896a65c3a3e24c251c5c62489568074a"},
    {file = "pyflakes-3.2.0.tar.gz", hash = "sha256:1c61603ff154621fb2a9172037d84dca3500def8c8b630657d1701f026f8af3f"},
]

[[package]]
name = "pyrsistent"
version = "0.20.0"
description = "Persistent/Functional/Immutable data structures"
optional = false
python-versions = ">=3.8"
files = [
    {file = "pyrsistent-0.20.0-cp310-cp310-macosx_10_9_universal2.whl", hash = "sha256:8c3aba3e01235221e5b229a6c05f585f344734bd1ad42a8ac51493d74722bbce"},
    {file = "pyrsistent-0.20.0-cp310-cp310-manylinux_2_17_aarch64.manylinux2014_aarch64.whl", hash = "sha256:c1beb78af5423b879edaf23c5591ff292cf7c33979734c99aa66d5914ead880f"},
    {file = "pyrsistent-0.20.0-cp310-cp310-manylinux_2_17_x86_64.manylinux2014_x86_64.whl", hash = "sha256:21cc459636983764e692b9eba7144cdd54fdec23ccdb1e8ba392a63666c60c34"},
    {file = "pyrsistent-0.20.0-cp310-cp310-manylinux_2_5_i686.manylinux1_i686.manylinux_2_17_i686.manylinux2014_i686.whl", hash = "sha256:f5ac696f02b3fc01a710427585c855f65cd9c640e14f52abe52020722bb4906b"},
    {file = "pyrsistent-0.20.0-cp310-cp310-win32.whl", hash = "sha256:0724c506cd8b63c69c7f883cc233aac948c1ea946ea95996ad8b1380c25e1d3f"},
    {file = "pyrsistent-0.20.0-cp310-cp310-win_amd64.whl", hash = "sha256:8441cf9616d642c475684d6cf2520dd24812e996ba9af15e606df5f6fd9d04a7"},
    {file = "pyrsistent-0.20.0-cp311-cp311-macosx_10_9_universal2.whl", hash = "sha256:0f3b1bcaa1f0629c978b355a7c37acd58907390149b7311b5db1b37648eb6958"},
    {file = "pyrsistent-0.20.0-cp311-cp311-manylinux_2_17_aarch64.manylinux2014_aarch64.whl", hash = "sha256:5cdd7ef1ea7a491ae70d826b6cc64868de09a1d5ff9ef8d574250d0940e275b8"},
    {file = "pyrsistent-0.20.0-cp311-cp311-manylinux_2_17_x86_64.manylinux2014_x86_64.whl", hash = "sha256:cae40a9e3ce178415040a0383f00e8d68b569e97f31928a3a8ad37e3fde6df6a"},
    {file = "pyrsistent-0.20.0-cp311-cp311-manylinux_2_5_i686.manylinux1_i686.manylinux_2_17_i686.manylinux2014_i686.whl", hash = "sha256:6288b3fa6622ad8a91e6eb759cfc48ff3089e7c17fb1d4c59a919769314af224"},
    {file = "pyrsistent-0.20.0-cp311-cp311-win32.whl", hash = "sha256:7d29c23bdf6e5438c755b941cef867ec2a4a172ceb9f50553b6ed70d50dfd656"},
    {file = "pyrsistent-0.20.0-cp311-cp311-win_amd64.whl", hash = "sha256:59a89bccd615551391f3237e00006a26bcf98a4d18623a19909a2c48b8e986ee"},
    {file = "pyrsistent-0.20.0-cp312-cp312-macosx_10_9_universal2.whl", hash = "sha256:09848306523a3aba463c4b49493a760e7a6ca52e4826aa100ee99d8d39b7ad1e"},
    {file = "pyrsistent-0.20.0-cp312-cp312-manylinux_2_17_aarch64.manylinux2014_aarch64.whl", hash = "sha256:a14798c3005ec892bbada26485c2eea3b54109cb2533713e355c806891f63c5e"},
    {file = "pyrsistent-0.20.0-cp312-cp312-manylinux_2_17_x86_64.manylinux2014_x86_64.whl", hash = "sha256:b14decb628fac50db5e02ee5a35a9c0772d20277824cfe845c8a8b717c15daa3"},
    {file = "pyrsistent-0.20.0-cp312-cp312-manylinux_2_5_i686.manylinux1_i686.manylinux_2_17_i686.manylinux2014_i686.whl", hash = "sha256:2e2c116cc804d9b09ce9814d17df5edf1df0c624aba3b43bc1ad90411487036d"},
    {file = "pyrsistent-0.20.0-cp312-cp312-win32.whl", hash = "sha256:e78d0c7c1e99a4a45c99143900ea0546025e41bb59ebc10182e947cf1ece9174"},
    {file = "pyrsistent-0.20.0-cp312-cp312-win_amd64.whl", hash = "sha256:4021a7f963d88ccd15b523787d18ed5e5269ce57aa4037146a2377ff607ae87d"},
    {file = "pyrsistent-0.20.0-cp38-cp38-macosx_10_9_universal2.whl", hash = "sha256:79ed12ba79935adaac1664fd7e0e585a22caa539dfc9b7c7c6d5ebf91fb89054"},
    {file = "pyrsistent-0.20.0-cp38-cp38-manylinux_2_17_aarch64.manylinux2014_aarch64.whl", hash = "sha256:f920385a11207dc372a028b3f1e1038bb244b3ec38d448e6d8e43c6b3ba20e98"},
    {file = "pyrsistent-0.20.0-cp38-cp38-manylinux_2_17_x86_64.manylinux2014_x86_64.whl", hash = "sha256:4f5c2d012671b7391803263419e31b5c7c21e7c95c8760d7fc35602353dee714"},
    {file = "pyrsistent-0.20.0-cp38-cp38-manylinux_2_5_i686.manylinux1_i686.manylinux_2_17_i686.manylinux2014_i686.whl", hash = "sha256:ef3992833fbd686ee783590639f4b8343a57f1f75de8633749d984dc0eb16c86"},
    {file = "pyrsistent-0.20.0-cp38-cp38-win32.whl", hash = "sha256:881bbea27bbd32d37eb24dd320a5e745a2a5b092a17f6debc1349252fac85423"},
    {file = "pyrsistent-0.20.0-cp38-cp38-win_amd64.whl", hash = "sha256:6d270ec9dd33cdb13f4d62c95c1a5a50e6b7cdd86302b494217137f760495b9d"},
    {file = "pyrsistent-0.20.0-cp39-cp39-macosx_10_9_universal2.whl", hash = "sha256:ca52d1ceae015859d16aded12584c59eb3825f7b50c6cfd621d4231a6cc624ce"},
    {file = "pyrsistent-0.20.0-cp39-cp39-manylinux_2_17_aarch64.manylinux2014_aarch64.whl", hash = "sha256:b318ca24db0f0518630e8b6f3831e9cba78f099ed5c1d65ffe3e023003043ba0"},
    {file = "pyrsistent-0.20.0-cp39-cp39-manylinux_2_17_x86_64.manylinux2014_x86_64.whl", hash = "sha256:fed2c3216a605dc9a6ea50c7e84c82906e3684c4e80d2908208f662a6cbf9022"},
    {file = "pyrsistent-0.20.0-cp39-cp39-manylinux_2_5_i686.manylinux1_i686.manylinux_2_17_i686.manylinux2014_i686.whl", hash = "sha256:2e14c95c16211d166f59c6611533d0dacce2e25de0f76e4c140fde250997b3ca"},
    {file = "pyrsistent-0.20.0-cp39-cp39-win32.whl", hash = "sha256:f058a615031eea4ef94ead6456f5ec2026c19fb5bd6bfe86e9665c4158cf802f"},
    {file = "pyrsistent-0.20.0-cp39-cp39-win_amd64.whl", hash = "sha256:58b8f6366e152092194ae68fefe18b9f0b4f89227dfd86a07770c3d86097aebf"},
    {file = "pyrsistent-0.20.0-py3-none-any.whl", hash = "sha256:c55acc4733aad6560a7f5f818466631f07efc001fd023f34a6c203f8b6df0f0b"},
    {file = "pyrsistent-0.20.0.tar.gz", hash = "sha256:4c48f78f62ab596c679086084d0dd13254ae4f3d6c72a83ffdf5ebdef8f265a4"},
]

[[package]]
name = "returns"
version = "0.23.0"
description = "Make your functions return something meaningful, typed, and safe!"
optional = false
python-versions = "<4.0,>=3.9"
files = [
    {file = "returns-0.23.0-py3-none-any.whl", hash = "sha256:278aa6168072b24574ad14be32f7123d1b835928473dd40bc506f47c8b25859a"},
    {file = "returns-0.23.0.tar.gz", hash = "sha256:27594c28e5fc338e052d27ddf77fe1da82db4472f6d59901e7e9165be35a5256"},
]

[package.dependencies]
typing-extensions = ">=4.0,<5.0"

[package.extras]
check-laws = ["hypothesis (>=6.98,<7.0)", "pytest (>=8.0,<9.0)"]
compatible-mypy = ["mypy (>=1.10,<1.11)"]

[[package]]
name = "tomli"
version = "2.0.1"
description = "A lil' TOML parser"
optional = false
python-versions = ">=3.7"
files = [
    {file = "tomli-2.0.1-py3-none-any.whl", hash = "sha256:939de3e7a6161af0c887ef91b7d41a53e7c5a1ca976325f429cb46ea9bc30ecc"},
    {file = "tomli-2.0.1.tar.gz", hash = "sha256:de526c12914f0c550d15924c62d72abc48d6fe7364aa87328337a31007fe8a4f"},
]

[[package]]
name = "typing-extensions"
version = "4.12.2"
description = "Backported and Experimental Type Hints for Python 3.8+"
optional = false
python-versions = ">=3.8"
files = [
    {file = "typing_extensions-4.12.2-py3-none-any.whl", hash = "sha256:04e5ca0351e0f3f85c6853954072df659d0d13fac324d0072316b67d7794700d"},
    {file = "typing_extensions-4.12.2.tar.gz", hash = "sha256:1a7ead55c7e559dd4dee8856e3a88b41225abfe1ce8df57b7c13915fe121ffb8"},
]

[[package]]
name = "yapf"
version = "0.40.2"
description = "A formatter for Python code"
optional = false
python-versions = ">=3.7"
files = [
    {file = "yapf-0.40.2-py3-none-any.whl", hash = "sha256:adc8b5dd02c0143108878c499284205adb258aad6db6634e5b869e7ee2bd548b"},
    {file = "yapf-0.40.2.tar.gz", hash = "sha256:4dab8a5ed7134e26d57c1647c7483afb3f136878b579062b786c9ba16b94637b"},
]

[package.dependencies]
importlib-metadata = ">=6.6.0"
platformdirs = ">=3.5.1"
tomli = ">=2.0.1"

[[package]]
name = "zipp"
version = "3.20.1"
description = "Backport of pathlib-compatible object wrapper for zip files"
optional = false
python-versions = ">=3.8"
files = [
    {file = "zipp-3.20.1-py3-none-any.whl", hash = "sha256:9960cd8967c8f85a56f920d5d507274e74f9ff813a0ab8889a5b5be2daf44064"},
    {file = "zipp-3.20.1.tar.gz", hash = "sha256:c22b14cc4763c5a5b04134207736c107db42e9d3ef2d9779d465f5f1bcba572b"},
]

[package.extras]
check = ["pytest-checkdocs (>=2.4)", "pytest-ruff (>=0.2.1)"]
cover = ["pytest-cov"]
doc = ["furo", "jaraco.packaging (>=9.3)", "jaraco.tidelift (>=1.4)", "rst.linker (>=1.9)", "sphinx (>=3.5)", "sphinx-lint"]
enabler = ["pytest-enabler (>=2.2)"]
test = ["big-O", "importlib-resources", "jaraco.functools", "jaraco.itertools", "jaraco.test", "more-itertools", "pytest (>=6,!=8.1.*)", "pytest-ignore-flaky"]
type = ["pytest-mypy"]

[metadata]
lock-version = "2.0"
python-versions = "^3.11"
content-hash = "db3a63e1befed1f17d490a9b745b4bf126cb738ca1cb71c1c15e73fb8031120e"
